// !$*UTF8*$!
{
	archiveVersion = 1;
	classes = {
	};
	objectVersion = 46;
	objects = {

/* Begin PBXBuildFile section */
		1D42A4331A7AAA79004D45C4 /* NFPImageData+NFPExtension.m in Sources */ = {isa = PBXBuildFile; fileRef = 1D42A4321A7AAA79004D45C4 /* NFPImageData+NFPExtension.m */; };
		1D42A4361A7B6599004D45C4 /* Model.xcdatamodeld in Sources */ = {isa = PBXBuildFile; fileRef = 1D42A4341A7B6599004D45C4 /* Model.xcdatamodeld */; };
		1D42A43C1A7B6821004D45C4 /* NFPImageManagedObjectContext.m in Sources */ = {isa = PBXBuildFile; fileRef = 1D42A43B1A7B6821004D45C4 /* NFPImageManagedObjectContext.m */; };
		1D42A4451A7B7572004D45C4 /* NFPImageData.m in Sources */ = {isa = PBXBuildFile; fileRef = 1D42A4441A7B7572004D45C4 /* NFPImageData.m */; };
		1D4622721A69BEA7009C514A /* main.m in Sources */ = {isa = PBXBuildFile; fileRef = 1D4622711A69BEA7009C514A /* main.m */; };
		1D4622751A69BEA7009C514A /* AppDelegate.m in Sources */ = {isa = PBXBuildFile; fileRef = 1D4622741A69BEA7009C514A /* AppDelegate.m */; };
		1D46227B1A69BEA7009C514A /* Main.storyboard in Resources */ = {isa = PBXBuildFile; fileRef = 1D4622791A69BEA7009C514A /* Main.storyboard */; };
		1D46227D1A69BEA7009C514A /* Images.xcassets in Resources */ = {isa = PBXBuildFile; fileRef = 1D46227C1A69BEA7009C514A /* Images.xcassets */; };
		1D4622801A69BEA7009C514A /* LaunchScreen.xib in Resources */ = {isa = PBXBuildFile; fileRef = 1D46227E1A69BEA7009C514A /* LaunchScreen.xib */; };
		1D46228C1A69BEA7009C514A /* NoFilterTests.m in Sources */ = {isa = PBXBuildFile; fileRef = 1D46228B1A69BEA7009C514A /* NoFilterTests.m */; };
		1DBD52781A738E8E00AAEDAD /* NFPCollectionViewController.m in Sources */ = {isa = PBXBuildFile; fileRef = 1DBD52771A738E8E00AAEDAD /* NFPCollectionViewController.m */; };
		1DBD527B1A73A5DC00AAEDAD /* NFPThumbnailGenerator.m in Sources */ = {isa = PBXBuildFile; fileRef = 1DBD527A1A73A5DC00AAEDAD /* NFPThumbnailGenerator.m */; };
		1DBD52811A73BDFD00AAEDAD /* NFPThumbnailOperation.m in Sources */ = {isa = PBXBuildFile; fileRef = 1DBD52801A73BDFD00AAEDAD /* NFPThumbnailOperation.m */; };
		1DBD52841A73BE8500AAEDAD /* UIImage+NFExtensions.m in Sources */ = {isa = PBXBuildFile; fileRef = 1DBD52831A73BE8500AAEDAD /* UIImage+NFExtensions.m */; };
		1DBD52871A73DF3E00AAEDAD /* NFPAddImageTableViewController.m in Sources */ = {isa = PBXBuildFile; fileRef = 1DBD52861A73DF3E00AAEDAD /* NFPAddImageTableViewController.m */; };
		1DBD528C1A741BEF00AAEDAD /* PhotoCollectionViewController.m in Sources */ = {isa = PBXBuildFile; fileRef = 1DBD52891A741BEF00AAEDAD /* PhotoCollectionViewController.m */; };
		1DBD528D1A741BEF00AAEDAD /* PhotoTableViewController.m in Sources */ = {isa = PBXBuildFile; fileRef = 1DBD528B1A741BEF00AAEDAD /* PhotoTableViewController.m */; };
		1DF2B4D91A758D0400977E57 /* NFPDebugViewController.m in Sources */ = {isa = PBXBuildFile; fileRef = 1DF2B4D81A758D0400977E57 /* NFPDebugViewController.m */; };
/* End PBXBuildFile section */

/* Begin PBXContainerItemProxy section */
		1D4622861A69BEA7009C514A /* PBXContainerItemProxy */ = {
			isa = PBXContainerItemProxy;
			containerPortal = 1D4622641A69BEA7009C514A /* Project object */;
			proxyType = 1;
			remoteGlobalIDString = 1D46226B1A69BEA7009C514A;
			remoteInfo = NoFilter;
		};
/* End PBXContainerItemProxy section */

/* Begin PBXFileReference section */
		1D42A4311A7AAA79004D45C4 /* NFPImageData+NFPExtension.h */ = {isa = PBXFileReference; fileEncoding = 4; lastKnownFileType = sourcecode.c.h; path = "NFPImageData+NFPExtension.h"; sourceTree = "<group>"; };
		1D42A4321A7AAA79004D45C4 /* NFPImageData+NFPExtension.m */ = {isa = PBXFileReference; fileEncoding = 4; lastKnownFileType = sourcecode.c.objc; path = "NFPImageData+NFPExtension.m"; sourceTree = "<group>"; };
		1D42A4351A7B6599004D45C4 /* Model.xcdatamodel */ = {isa = PBXFileReference; lastKnownFileType = wrapper.xcdatamodel; path = Model.xcdatamodel; sourceTree = "<group>"; };
		1D42A43A1A7B6821004D45C4 /* NFPImageManagedObjectContext.h */ = {isa = PBXFileReference; fileEncoding = 4; lastKnownFileType = sourcecode.c.h; path = NFPImageManagedObjectContext.h; sourceTree = "<group>"; };
		1D42A43B1A7B6821004D45C4 /* NFPImageManagedObjectContext.m */ = {isa = PBXFileReference; fileEncoding = 4; lastKnownFileType = sourcecode.c.objc; path = NFPImageManagedObjectContext.m; sourceTree = "<group>"; };
		1D42A4431A7B7572004D45C4 /* NFPImageData.h */ = {isa = PBXFileReference; fileEncoding = 4; lastKnownFileType = sourcecode.c.h; path = NFPImageData.h; sourceTree = "<group>"; };
		1D42A4441A7B7572004D45C4 /* NFPImageData.m */ = {isa = PBXFileReference; fileEncoding = 4; lastKnownFileType = sourcecode.c.objc; path = NFPImageData.m; sourceTree = "<group>"; };
		1D46226C1A69BEA7009C514A /* NoFilter.app */ = {isa = PBXFileReference; explicitFileType = wrapper.application; includeInIndex = 0; path = NoFilter.app; sourceTree = BUILT_PRODUCTS_DIR; };
		1D4622701A69BEA7009C514A /* Info.plist */ = {isa = PBXFileReference; lastKnownFileType = text.plist.xml; path = Info.plist; sourceTree = "<group>"; };
		1D4622711A69BEA7009C514A /* main.m */ = {isa = PBXFileReference; lastKnownFileType = sourcecode.c.objc; path = main.m; sourceTree = "<group>"; };
		1D4622731A69BEA7009C514A /* AppDelegate.h */ = {isa = PBXFileReference; lastKnownFileType = sourcecode.c.h; lineEnding = 0; path = AppDelegate.h; sourceTree = "<group>"; xcLanguageSpecificationIdentifier = xcode.lang.objcpp; };
		1D4622741A69BEA7009C514A /* AppDelegate.m */ = {isa = PBXFileReference; lastKnownFileType = sourcecode.c.objc; lineEnding = 0; path = AppDelegate.m; sourceTree = "<group>"; xcLanguageSpecificationIdentifier = xcode.lang.objc; };
		1D46227A1A69BEA7009C514A /* Base */ = {isa = PBXFileReference; lastKnownFileType = file.storyboard; name = Base; path = Base.lproj/Main.storyboard; sourceTree = "<group>"; };
		1D46227C1A69BEA7009C514A /* Images.xcassets */ = {isa = PBXFileReference; lastKnownFileType = folder.assetcatalog; path = Images.xcassets; sourceTree = "<group>"; };
		1D46227F1A69BEA7009C514A /* Base */ = {isa = PBXFileReference; lastKnownFileType = file.xib; name = Base; path = Base.lproj/LaunchScreen.xib; sourceTree = "<group>"; };
		1D4622851A69BEA7009C514A /* NoFilterTests.xctest */ = {isa = PBXFileReference; explicitFileType = wrapper.cfbundle; includeInIndex = 0; path = NoFilterTests.xctest; sourceTree = BUILT_PRODUCTS_DIR; };
		1D46228A1A69BEA7009C514A /* Info.plist */ = {isa = PBXFileReference; lastKnownFileType = text.plist.xml; path = Info.plist; sourceTree = "<group>"; };
		1D46228B1A69BEA7009C514A /* NoFilterTests.m */ = {isa = PBXFileReference; lastKnownFileType = sourcecode.c.objc; path = NoFilterTests.m; sourceTree = "<group>"; };
		1DBD52761A738E8E00AAEDAD /* NFPCollectionViewController.h */ = {isa = PBXFileReference; fileEncoding = 4; lastKnownFileType = sourcecode.c.h; path = NFPCollectionViewController.h; sourceTree = "<group>"; };
		1DBD52771A738E8E00AAEDAD /* NFPCollectionViewController.m */ = {isa = PBXFileReference; fileEncoding = 4; lastKnownFileType = sourcecode.c.objc; lineEnding = 0; path = NFPCollectionViewController.m; sourceTree = "<group>"; xcLanguageSpecificationIdentifier = xcode.lang.objc; };
		1DBD52791A73A5DC00AAEDAD /* NFPThumbnailGenerator.h */ = {isa = PBXFileReference; fileEncoding = 4; lastKnownFileType = sourcecode.c.h; path = NFPThumbnailGenerator.h; sourceTree = "<group>"; };
		1DBD527A1A73A5DC00AAEDAD /* NFPThumbnailGenerator.m */ = {isa = PBXFileReference; fileEncoding = 4; lastKnownFileType = sourcecode.c.objc; path = NFPThumbnailGenerator.m; sourceTree = "<group>"; };
		1DBD527F1A73BDFD00AAEDAD /* NFPThumbnailOperation.h */ = {isa = PBXFileReference; fileEncoding = 4; lastKnownFileType = sourcecode.c.h; path = NFPThumbnailOperation.h; sourceTree = "<group>"; };
		1DBD52801A73BDFD00AAEDAD /* NFPThumbnailOperation.m */ = {isa = PBXFileReference; fileEncoding = 4; lastKnownFileType = sourcecode.c.objc; path = NFPThumbnailOperation.m; sourceTree = "<group>"; };
		1DBD52821A73BE8500AAEDAD /* UIImage+NFExtensions.h */ = {isa = PBXFileReference; fileEncoding = 4; lastKnownFileType = sourcecode.c.h; path = "UIImage+NFExtensions.h"; sourceTree = "<group>"; };
		1DBD52831A73BE8500AAEDAD /* UIImage+NFExtensions.m */ = {isa = PBXFileReference; fileEncoding = 4; lastKnownFileType = sourcecode.c.objc; path = "UIImage+NFExtensions.m"; sourceTree = "<group>"; };
		1DBD52851A73DF3E00AAEDAD /* NFPAddImageTableViewController.h */ = {isa = PBXFileReference; fileEncoding = 4; lastKnownFileType = sourcecode.c.h; path = NFPAddImageTableViewController.h; sourceTree = "<group>"; };
		1DBD52861A73DF3E00AAEDAD /* NFPAddImageTableViewController.m */ = {isa = PBXFileReference; fileEncoding = 4; lastKnownFileType = sourcecode.c.objc; lineEnding = 0; path = NFPAddImageTableViewController.m; sourceTree = "<group>"; xcLanguageSpecificationIdentifier = xcode.lang.objc; };
		1DBD52881A741BEF00AAEDAD /* PhotoCollectionViewController.h */ = {isa = PBXFileReference; fileEncoding = 4; lastKnownFileType = sourcecode.c.h; path = PhotoCollectionViewController.h; sourceTree = "<group>"; };
		1DBD52891A741BEF00AAEDAD /* PhotoCollectionViewController.m */ = {isa = PBXFileReference; fileEncoding = 4; lastKnownFileType = sourcecode.c.objc; lineEnding = 0; path = PhotoCollectionViewController.m; sourceTree = "<group>"; xcLanguageSpecificationIdentifier = xcode.lang.objc; };
		1DBD528A1A741BEF00AAEDAD /* PhotoTableViewController.h */ = {isa = PBXFileReference; fileEncoding = 4; lastKnownFileType = sourcecode.c.h; path = PhotoTableViewController.h; sourceTree = "<group>"; };
		1DBD528B1A741BEF00AAEDAD /* PhotoTableViewController.m */ = {isa = PBXFileReference; fileEncoding = 4; lastKnownFileType = sourcecode.c.objc; path = PhotoTableViewController.m; sourceTree = "<group>"; };
		1DF2B4D71A758D0400977E57 /* NFPDebugViewController.h */ = {isa = PBXFileReference; fileEncoding = 4; lastKnownFileType = sourcecode.c.h; path = NFPDebugViewController.h; sourceTree = "<group>"; };
		1DF2B4D81A758D0400977E57 /* NFPDebugViewController.m */ = {isa = PBXFileReference; fileEncoding = 4; lastKnownFileType = sourcecode.c.objc; path = NFPDebugViewController.m; sourceTree = "<group>"; };
/* End PBXFileReference section */

/* Begin PBXFrameworksBuildPhase section */
		1D4622691A69BEA7009C514A /* Frameworks */ = {
			isa = PBXFrameworksBuildPhase;
			buildActionMask = 2147483647;
			files = (
			);
			runOnlyForDeploymentPostprocessing = 0;
		};
		1D4622821A69BEA7009C514A /* Frameworks */ = {
			isa = PBXFrameworksBuildPhase;
			buildActionMask = 2147483647;
			files = (
			);
			runOnlyForDeploymentPostprocessing = 0;
		};
/* End PBXFrameworksBuildPhase section */

/* Begin PBXGroup section */
		1D4622631A69BEA7009C514A = {
			isa = PBXGroup;
			children = (
				1D46226E1A69BEA7009C514A /* NoFilter */,
				1D4622881A69BEA7009C514A /* NoFilterTests */,
				1D46226D1A69BEA7009C514A /* Products */,
			);
			sourceTree = "<group>";
		};
		1D46226D1A69BEA7009C514A /* Products */ = {
			isa = PBXGroup;
			children = (
				1D46226C1A69BEA7009C514A /* NoFilter.app */,
				1D4622851A69BEA7009C514A /* NoFilterTests.xctest */,
			);
			name = Products;
			sourceTree = "<group>";
		};
		1D46226E1A69BEA7009C514A /* NoFilter */ = {
			isa = PBXGroup;
			children = (
				1DBD52751A738E3800AAEDAD /* Model */,
				1DBD52741A738E2D00AAEDAD /* ViewControllers */,
				1D4622731A69BEA7009C514A /* AppDelegate.h */,
				1D4622741A69BEA7009C514A /* AppDelegate.m */,
				1D4622791A69BEA7009C514A /* Main.storyboard */,
				1D46227C1A69BEA7009C514A /* Images.xcassets */,
				1D46227E1A69BEA7009C514A /* LaunchScreen.xib */,
				1D46226F1A69BEA7009C514A /* Supporting Files */,
			);
			path = NoFilter;
			sourceTree = "<group>";
		};
		1D46226F1A69BEA7009C514A /* Supporting Files */ = {
			isa = PBXGroup;
			children = (
				1D4622701A69BEA7009C514A /* Info.plist */,
				1D4622711A69BEA7009C514A /* main.m */,
			);
			name = "Supporting Files";
			sourceTree = "<group>";
		};
		1D4622881A69BEA7009C514A /* NoFilterTests */ = {
			isa = PBXGroup;
			children = (
				1D46228B1A69BEA7009C514A /* NoFilterTests.m */,
				1D4622891A69BEA7009C514A /* Supporting Files */,
			);
			path = NoFilterTests;
			sourceTree = "<group>";
		};
		1D4622891A69BEA7009C514A /* Supporting Files */ = {
			isa = PBXGroup;
			children = (
				1D46228A1A69BEA7009C514A /* Info.plist */,
			);
			name = "Supporting Files";
			sourceTree = "<group>";
		};
		1DBD52741A738E2D00AAEDAD /* ViewControllers */ = {
			isa = PBXGroup;
			children = (
				1DBD52881A741BEF00AAEDAD /* PhotoCollectionViewController.h */,
				1DBD52891A741BEF00AAEDAD /* PhotoCollectionViewController.m */,
				1DBD528A1A741BEF00AAEDAD /* PhotoTableViewController.h */,
				1DBD528B1A741BEF00AAEDAD /* PhotoTableViewController.m */,
				1DBD52761A738E8E00AAEDAD /* NFPCollectionViewController.h */,
				1DBD52771A738E8E00AAEDAD /* NFPCollectionViewController.m */,
				1DBD52851A73DF3E00AAEDAD /* NFPAddImageTableViewController.h */,
				1DBD52861A73DF3E00AAEDAD /* NFPAddImageTableViewController.m */,
				1DF2B4D71A758D0400977E57 /* NFPDebugViewController.h */,
				1DF2B4D81A758D0400977E57 /* NFPDebugViewController.m */,
			);
			name = ViewControllers;
			sourceTree = "<group>";
		};
		1DBD52751A738E3800AAEDAD /* Model */ = {
			isa = PBXGroup;
			children = (
				1D42A4311A7AAA79004D45C4 /* NFPImageData+NFPExtension.h */,
				1D42A4321A7AAA79004D45C4 /* NFPImageData+NFPExtension.m */,
				1DBD527F1A73BDFD00AAEDAD /* NFPThumbnailOperation.h */,
				1DBD52801A73BDFD00AAEDAD /* NFPThumbnailOperation.m */,
				1DBD52791A73A5DC00AAEDAD /* NFPThumbnailGenerator.h */,
				1DBD527A1A73A5DC00AAEDAD /* NFPThumbnailGenerator.m */,
				1DBD52821A73BE8500AAEDAD /* UIImage+NFExtensions.h */,
				1DBD52831A73BE8500AAEDAD /* UIImage+NFExtensions.m */,
				1D42A4341A7B6599004D45C4 /* Model.xcdatamodeld */,
				1D42A4431A7B7572004D45C4 /* NFPImageData.h */,
				1D42A4441A7B7572004D45C4 /* NFPImageData.m */,
				1D42A43A1A7B6821004D45C4 /* NFPImageManagedObjectContext.h */,
				1D42A43B1A7B6821004D45C4 /* NFPImageManagedObjectContext.m */,
			);
			name = Model;
			sourceTree = "<group>";
		};
/* End PBXGroup section */

/* Begin PBXNativeTarget section */
		1D46226B1A69BEA7009C514A /* NoFilter */ = {
			isa = PBXNativeTarget;
			buildConfigurationList = 1D46228F1A69BEA7009C514A /* Build configuration list for PBXNativeTarget "NoFilter" */;
			buildPhases = (
				1D4622681A69BEA7009C514A /* Sources */,
				1D4622691A69BEA7009C514A /* Frameworks */,
				1D46226A1A69BEA7009C514A /* Resources */,
			);
			buildRules = (
			);
			dependencies = (
			);
			name = NoFilter;
			productName = NoFilter;
			productReference = 1D46226C1A69BEA7009C514A /* NoFilter.app */;
			productType = "com.apple.product-type.application";
		};
		1D4622841A69BEA7009C514A /* NoFilterTests */ = {
			isa = PBXNativeTarget;
			buildConfigurationList = 1D4622921A69BEA7009C514A /* Build configuration list for PBXNativeTarget "NoFilterTests" */;
			buildPhases = (
				1D4622811A69BEA7009C514A /* Sources */,
				1D4622821A69BEA7009C514A /* Frameworks */,
				1D4622831A69BEA7009C514A /* Resources */,
			);
			buildRules = (
			);
			dependencies = (
				1D4622871A69BEA7009C514A /* PBXTargetDependency */,
			);
			name = NoFilterTests;
			productName = NoFilterTests;
			productReference = 1D4622851A69BEA7009C514A /* NoFilterTests.xctest */;
			productType = "com.apple.product-type.bundle.unit-test";
		};
/* End PBXNativeTarget section */

/* Begin PBXProject section */
		1D4622641A69BEA7009C514A /* Project object */ = {
			isa = PBXProject;
			attributes = {
				LastUpgradeCheck = 0610;
				ORGANIZATIONNAME = "Ancil Marshall";
				TargetAttributes = {
					1D46226B1A69BEA7009C514A = {
						CreatedOnToolsVersion = 6.1.1;
					};
					1D4622841A69BEA7009C514A = {
						CreatedOnToolsVersion = 6.1.1;
						TestTargetID = 1D46226B1A69BEA7009C514A;
					};
				};
			};
			buildConfigurationList = 1D4622671A69BEA7009C514A /* Build configuration list for PBXProject "NoFilter" */;
			compatibilityVersion = "Xcode 3.2";
			developmentRegion = English;
			hasScannedForEncodings = 0;
			knownRegions = (
				en,
				Base,
			);
			mainGroup = 1D4622631A69BEA7009C514A;
			productRefGroup = 1D46226D1A69BEA7009C514A /* Products */;
			projectDirPath = "";
			projectRoot = "";
			targets = (
				1D46226B1A69BEA7009C514A /* NoFilter */,
				1D4622841A69BEA7009C514A /* NoFilterTests */,
			);
		};
/* End PBXProject section */

/* Begin PBXResourcesBuildPhase section */
		1D46226A1A69BEA7009C514A /* Resources */ = {
			isa = PBXResourcesBuildPhase;
			buildActionMask = 2147483647;
			files = (
				1D46227B1A69BEA7009C514A /* Main.storyboard in Resources */,
				1D4622801A69BEA7009C514A /* LaunchScreen.xib in Resources */,
				1D46227D1A69BEA7009C514A /* Images.xcassets in Resources */,
			);
			runOnlyForDeploymentPostprocessing = 0;
		};
		1D4622831A69BEA7009C514A /* Resources */ = {
			isa = PBXResourcesBuildPhase;
			buildActionMask = 2147483647;
			files = (
			);
			runOnlyForDeploymentPostprocessing = 0;
		};
/* End PBXResourcesBuildPhase section */

/* Begin PBXSourcesBuildPhase section */
		1D4622681A69BEA7009C514A /* Sources */ = {
			isa = PBXSourcesBuildPhase;
			buildActionMask = 2147483647;
			files = (
				1D4622751A69BEA7009C514A /* AppDelegate.m in Sources */,
				1DBD52811A73BDFD00AAEDAD /* NFPThumbnailOperation.m in Sources */,
				1DBD527B1A73A5DC00AAEDAD /* NFPThumbnailGenerator.m in Sources */,
				1DBD52841A73BE8500AAEDAD /* UIImage+NFExtensions.m in Sources */,
				1DBD52871A73DF3E00AAEDAD /* NFPAddImageTableViewController.m in Sources */,
				1D4622721A69BEA7009C514A /* main.m in Sources */,
				1DBD528D1A741BEF00AAEDAD /* PhotoTableViewController.m in Sources */,
				1D42A4331A7AAA79004D45C4 /* NFPImageData+NFPExtension.m in Sources */,
				1DBD528C1A741BEF00AAEDAD /* PhotoCollectionViewController.m in Sources */,
				1DBD52781A738E8E00AAEDAD /* NFPCollectionViewController.m in Sources */,
				1DF2B4D91A758D0400977E57 /* NFPDebugViewController.m in Sources */,
				1D42A43C1A7B6821004D45C4 /* NFPImageManagedObjectContext.m in Sources */,
				1D42A4451A7B7572004D45C4 /* NFPImageData.m in Sources */,
				1D42A4361A7B6599004D45C4 /* Model.xcdatamodeld in Sources */,
			);
			runOnlyForDeploymentPostprocessing = 0;
		};
		1D4622811A69BEA7009C514A /* Sources */ = {
			isa = PBXSourcesBuildPhase;
			buildActionMask = 2147483647;
			files = (
				1D46228C1A69BEA7009C514A /* NoFilterTests.m in Sources */,
			);
			runOnlyForDeploymentPostprocessing = 0;
		};
/* End PBXSourcesBuildPhase section */

/* Begin PBXTargetDependency section */
		1D4622871A69BEA7009C514A /* PBXTargetDependency */ = {
			isa = PBXTargetDependency;
			target = 1D46226B1A69BEA7009C514A /* NoFilter */;
			targetProxy = 1D4622861A69BEA7009C514A /* PBXContainerItemProxy */;
		};
/* End PBXTargetDependency section */

/* Begin PBXVariantGroup section */
		1D4622791A69BEA7009C514A /* Main.storyboard */ = {
			isa = PBXVariantGroup;
			children = (
				1D46227A1A69BEA7009C514A /* Base */,
			);
			name = Main.storyboard;
			sourceTree = "<group>";
		};
		1D46227E1A69BEA7009C514A /* LaunchScreen.xib */ = {
			isa = PBXVariantGroup;
			children = (
				1D46227F1A69BEA7009C514A /* Base */,
			);
			name = LaunchScreen.xib;
			sourceTree = "<group>";
		};
/* End PBXVariantGroup section */

/* Begin XCBuildConfiguration section */
		1D46228D1A69BEA7009C514A /* Debug */ = {
			isa = XCBuildConfiguration;
			buildSettings = {
				ALWAYS_SEARCH_USER_PATHS = NO;
				CLANG_CXX_LANGUAGE_STANDARD = "gnu++0x";
				CLANG_CXX_LIBRARY = "libc++";
				CLANG_ENABLE_MODULES = YES;
				CLANG_ENABLE_OBJC_ARC = YES;
				CLANG_WARN_BOOL_CONVERSION = YES;
				CLANG_WARN_CONSTANT_CONVERSION = YES;
				CLANG_WARN_DIRECT_OBJC_ISA_USAGE = YES_ERROR;
				CLANG_WARN_EMPTY_BODY = YES;
				CLANG_WARN_ENUM_CONVERSION = YES;
				CLANG_WARN_INT_CONVERSION = YES;
				CLANG_WARN_OBJC_ROOT_CLASS = YES_ERROR;
				CLANG_WARN_UNREACHABLE_CODE = YES;
				CLANG_WARN__DUPLICATE_METHOD_MATCH = YES;
				"CODE_SIGN_IDENTITY[sdk=iphoneos*]" = "iPhone Developer";
				COPY_PHASE_STRIP = NO;
				ENABLE_STRICT_OBJC_MSGSEND = YES;
				GCC_C_LANGUAGE_STANDARD = gnu99;
				GCC_DYNAMIC_NO_PIC = NO;
				GCC_OPTIMIZATION_LEVEL = 0;
				GCC_PREPROCESSOR_DEFINITIONS = (
					"DEBUG=1",
					"$(inherited)",
				);
				GCC_SYMBOLS_PRIVATE_EXTERN = NO;
				GCC_WARN_64_TO_32_BIT_CONVERSION = YES;
				GCC_WARN_ABOUT_RETURN_TYPE = YES_ERROR;
				GCC_WARN_UNDECLARED_SELECTOR = YES;
				GCC_WARN_UNINITIALIZED_AUTOS = YES_AGGRESSIVE;
				GCC_WARN_UNUSED_FUNCTION = YES;
				GCC_WARN_UNUSED_VARIABLE = YES;
				IPHONEOS_DEPLOYMENT_TARGET = 8.1;
				MTL_ENABLE_DEBUG_INFO = YES;
				ONLY_ACTIVE_ARCH = YES;
				SDKROOT = iphoneos;
				TARGETED_DEVICE_FAMILY = "1,2";
			};
			name = Debug;
		};
		1D46228E1A69BEA7009C514A /* Release */ = {
			isa = XCBuildConfiguration;
			buildSettings = {
				ALWAYS_SEARCH_USER_PATHS = NO;
				CLANG_CXX_LANGUAGE_STANDARD = "gnu++0x";
				CLANG_CXX_LIBRARY = "libc++";
				CLANG_ENABLE_MODULES = YES;
				CLANG_ENABLE_OBJC_ARC = YES;
				CLANG_WARN_BOOL_CONVERSION = YES;
				CLANG_WARN_CONSTANT_CONVERSION = YES;
				CLANG_WARN_DIRECT_OBJC_ISA_USAGE = YES_ERROR;
				CLANG_WARN_EMPTY_BODY = YES;
				CLANG_WARN_ENUM_CONVERSION = YES;
				CLANG_WARN_INT_CONVERSION = YES;
				CLANG_WARN_OBJC_ROOT_CLASS = YES_ERROR;
				CLANG_WARN_UNREACHABLE_CODE = YES;
				CLANG_WARN__DUPLICATE_METHOD_MATCH = YES;
				"CODE_SIGN_IDENTITY[sdk=iphoneos*]" = "iPhone Developer";
				COPY_PHASE_STRIP = YES;
				ENABLE_NS_ASSERTIONS = NO;
				ENABLE_STRICT_OBJC_MSGSEND = YES;
				GCC_C_LANGUAGE_STANDARD = gnu99;
				GCC_WARN_64_TO_32_BIT_CONVERSION = YES;
				GCC_WARN_ABOUT_RETURN_TYPE = YES_ERROR;
				GCC_WARN_UNDECLARED_SELECTOR = YES;
				GCC_WARN_UNINITIALIZED_AUTOS = YES_AGGRESSIVE;
				GCC_WARN_UNUSED_FUNCTION = YES;
				GCC_WARN_UNUSED_VARIABLE = YES;
				IPHONEOS_DEPLOYMENT_TARGET = 8.1;
				MTL_ENABLE_DEBUG_INFO = NO;
				SDKROOT = iphoneos;
				TARGETED_DEVICE_FAMILY = "1,2";
				VALIDATE_PRODUCT = YES;
			};
			name = Release;
		};
		1D4622901A69BEA7009C514A /* Debug */ = {
			isa = XCBuildConfiguration;
			buildSettings = {
				ASSETCATALOG_COMPILER_APPICON_NAME = AppIcon;
				INFOPLIST_FILE = NoFilter/Info.plist;
				LD_RUNPATH_SEARCH_PATHS = "$(inherited) @executable_path/Frameworks";
				PRODUCT_NAME = "$(TARGET_NAME)";
			};
			name = Debug;
		};
		1D4622911A69BEA7009C514A /* Release */ = {
			isa = XCBuildConfiguration;
			buildSettings = {
				ASSETCATALOG_COMPILER_APPICON_NAME = AppIcon;
				INFOPLIST_FILE = NoFilter/Info.plist;
				LD_RUNPATH_SEARCH_PATHS = "$(inherited) @executable_path/Frameworks";
				PRODUCT_NAME = "$(TARGET_NAME)";
			};
			name = Release;
		};
		1D4622931A69BEA7009C514A /* Debug */ = {
			isa = XCBuildConfiguration;
			buildSettings = {
				BUNDLE_LOADER = "$(TEST_HOST)";
				FRAMEWORK_SEARCH_PATHS = (
					"$(SDKROOT)/Developer/Library/Frameworks",
					"$(inherited)",
				);
				GCC_PREPROCESSOR_DEFINITIONS = (
					"DEBUG=1",
					"$(inherited)",
				);
				INFOPLIST_FILE = NoFilterTests/Info.plist;
				LD_RUNPATH_SEARCH_PATHS = "$(inherited) @executable_path/Frameworks @loader_path/Frameworks";
				PRODUCT_NAME = "$(TARGET_NAME)";
				TEST_HOST = "$(BUILT_PRODUCTS_DIR)/NoFilter.app/NoFilter";
			};
			name = Debug;
		};
		1D4622941A69BEA7009C514A /* Release */ = {
			isa = XCBuildConfiguration;
			buildSettings = {
				BUNDLE_LOADER = "$(TEST_HOST)";
				FRAMEWORK_SEARCH_PATHS = (
					"$(SDKROOT)/Developer/Library/Frameworks",
					"$(inherited)",
				);
				INFOPLIST_FILE = NoFilterTests/Info.plist;
				LD_RUNPATH_SEARCH_PATHS = "$(inherited) @executable_path/Frameworks @loader_path/Frameworks";
				PRODUCT_NAME = "$(TARGET_NAME)";
				TEST_HOST = "$(BUILT_PRODUCTS_DIR)/NoFilter.app/NoFilter";
			};
			name = Release;
		};
/* End XCBuildConfiguration section */

/* Begin XCConfigurationList section */
		1D4622671A69BEA7009C514A /* Build configuration list for PBXProject "NoFilter" */ = {
			isa = XCConfigurationList;
			buildConfigurations = (
				1D46228D1A69BEA7009C514A /* Debug */,
				1D46228E1A69BEA7009C514A /* Release */,
			);
			defaultConfigurationIsVisible = 0;
			defaultConfigurationName = Release;
		};
		1D46228F1A69BEA7009C514A /* Build configuration list for PBXNativeTarget "NoFilter" */ = {
			isa = XCConfigurationList;
			buildConfigurations = (
				1D4622901A69BEA7009C514A /* Debug */,
				1D4622911A69BEA7009C514A /* Release */,
			);
			defaultConfigurationIsVisible = 0;
			defaultConfigurationName = Release;
		};
		1D4622921A69BEA7009C514A /* Build configuration list for PBXNativeTarget "NoFilterTests" */ = {
			isa = XCConfigurationList;
			buildConfigurations = (
				1D4622931A69BEA7009C514A /* Debug */,
				1D4622941A69BEA7009C514A /* Release */,
			);
			defaultConfigurationIsVisible = 0;
			defaultConfigurationName = Release;
		};
/* End XCConfigurationList section */

/* Begin XCVersionGroup section */
		1D42A4341A7B6599004D45C4 /* Model.xcdatamodeld */ = {
			isa = XCVersionGroup;
			children = (
				1D42A4351A7B6599004D45C4 /* Model.xcdatamodel */,
			);
			currentVersion = 1D42A4351A7B6599004D45C4 /* Model.xcdatamodel */;
			path = Model.xcdatamodeld;
			sourceTree = "<group>";
			versionGroupType = wrapper.xcdatamodel;
		};
/* End XCVersionGroup section */
	};
	rootObject = 1D4622641A69BEA7009C514A /* Project object */;
}
